
Microsoft Visual Studio Solution File, Format Version 12.00
# Visual Studio Version 16
VisualStudioVersion = 16.0.29009.5
MinimumVisualStudioVersion = 10.0.40219.1
Project("{FAE04EC0-301F-11D3-BF4B-00C04F79EFBC}") = "SystemMonitor.NET", "SystemMonitor.NET\SystemMonitor.NET.csproj", "{EC63EA32-84C2-4138-BF83-48A0A9CA1722}"
EndProject
Global
	GlobalSection(SolutionConfigurationPlatforms) = preSolution
		Debug|Any CPU = Debug|Any CPU
		Debug|x64 = Debug|x64
		Release|Any CPU = Release|Any CPU
		Release|x64 = Release|x64
	EndGlobalSection
	GlobalSection(ProjectConfigurationPlatforms) = postSolution
		{EC63EA32-84C2-4138-BF83-48A0A9CA1722}.Debug|Any CPU.ActiveCfg = Debug|x64
		{EC63EA32-84C2-4138-BF83-48A0A9CA1722}.Debug|Any CPU.Build.0 = Debug|x64
		{EC63EA32-84C2-4138-BF83-48A0A9CA1722}.Debug|x64.ActiveCfg = Debug|x64
		{EC63EA32-84C2-4138-BF83-48A0A9CA1722}.Debug|x64.Build.0 = Debug|x64
		{EC63EA32-84C2-4138-BF83-48A0A9CA1722}.Release|Any CPU.ActiveCfg = Release|Any CPU
		{EC63EA32-84C2-4138-BF83-48A0A9CA1722}.Release|Any CPU.Build.0 = Release|Any CPU
		{EC63EA32-84C2-4138-BF83-48A0A9CA1722}.Release|x64.ActiveCfg = Release|Any CPU
		{EC63EA32-84C2-4138-BF83-48A0A9CA1722}.Release|x64.Build.0 = Release|Any CPU
	EndGlobalSection
	GlobalSection(SolutionProperties) = preSolution
		HideSolutionNode = FALSE
	EndGlobalSection
	GlobalSection(ExtensibilityGlobals) = postSolution
		SolutionGuid = {ECF60799-7D95-40A6-9CDB-04B79C280E1C}
	EndGlobalSection
EndGlobal
